
Microsoft Visual Studio Solution File, Format Version 12.00
# Visual Studio 15
VisualStudioVersion = 15.0.26730.16
MinimumVisualStudioVersion = 10.0.40219.1
Project("{FAE04EC0-301F-11D3-BF4B-00C04F79EFBC}") = "CursoDesignPatterns", "CursoDesignPatterns\CursoDesignPatterns.csproj", "{8D1EA721-CECA-4D7E-8B69-DD7A0EB8C27B}"
EndProject
Global
	GlobalSection(SolutionConfigurationPlatforms) = preSolution
		Debug|Any CPU = Debug|Any CPU
		Release|Any CPU = Release|Any CPU
	EndGlobalSection
	GlobalSection(ProjectConfigurationPlatforms) = postSolution
		{8D1EA721-CECA-4D7E-8B69-DD7A0EB8C27B}.Debug|Any CPU.ActiveCfg = Debug|Any CPU
		{8D1EA721-CECA-4D7E-8B69-DD7A0EB8C27B}.Debug|Any CPU.Build.0 = Debug|Any CPU
		{8D1EA721-CECA-4D7E-8B69-DD7A0EB8C27B}.Release|Any CPU.ActiveCfg = Release|Any CPU
		{8D1EA721-CECA-4D7E-8B69-DD7A0EB8C27B}.Release|Any CPU.Build.0 = Release|Any CPU
	EndGlobalSection
	GlobalSection(SolutionProperties) = preSolution
		HideSolutionNode = FALSE
	EndGlobalSection
	GlobalSection(ExtensibilityGlobals) = postSolution
		SolutionGuid = {BEE33B81-7C4E-48B0-AF3A-4E9011C37969}
	EndGlobalSection
EndGlobal
